
Microsoft Visual Studio Solution File, Format Version 12.00
# Visual Studio Version 17
VisualStudioVersion = 17.4.33213.308
MinimumVisualStudioVersion = 10.0.40219.1
Project("{9A19103F-16F7-4668-BE54-9A1E7A4F7556}") = "Manchkin", "Manchkin.csproj", "{094D26F1-F6CF-45F9-9B7C-979FF8C438A5}"
EndProject
Project("{9A19103F-16F7-4668-BE54-9A1E7A4F7556}") = "Core", "..\Core\Core.csproj", "{640A413B-D329-493D-A35D-ADEF19AF4424}"
EndProject
Project("{9A19103F-16F7-4668-BE54-9A1E7A4F7556}") = "DataBaseProvider", "..\DataBaseProvider\DataBaseProvider.csproj", "{EB90A991-D878-4AC9-8E77-55C57E1FA7CE}"
EndProject
Project("{FAE04EC0-301F-11D3-BF4B-00C04F79EFBC}") = "ManchkinMigrations", "..\ManchkinMigrations\ManchkinMigrations.csproj", "{DFF095DB-EB4A-44A8-8E78-B764DC5A525E}"
EndProject
Global
	GlobalSection(SolutionConfigurationPlatforms) = preSolution
		Debug|Any CPU = Debug|Any CPU
		Release|Any CPU = Release|Any CPU
	EndGlobalSection
	GlobalSection(ProjectConfigurationPlatforms) = postSolution
		{094D26F1-F6CF-45F9-9B7C-979FF8C438A5}.Debug|Any CPU.ActiveCfg = Debug|Any CPU
		{094D26F1-F6CF-45F9-9B7C-979FF8C438A5}.Debug|Any CPU.Build.0 = Debug|Any CPU
		{094D26F1-F6CF-45F9-9B7C-979FF8C438A5}.Release|Any CPU.ActiveCfg = Release|Any CPU
		{094D26F1-F6CF-45F9-9B7C-979FF8C438A5}.Release|Any CPU.Build.0 = Release|Any CPU
		{640A413B-D329-493D-A35D-ADEF19AF4424}.Debug|Any CPU.ActiveCfg = Debug|Any CPU
		{640A413B-D329-493D-A35D-ADEF19AF4424}.Debug|Any CPU.Build.0 = Debug|Any CPU
		{640A413B-D329-493D-A35D-ADEF19AF4424}.Release|Any CPU.ActiveCfg = Release|Any CPU
		{640A413B-D329-493D-A35D-ADEF19AF4424}.Release|Any CPU.Build.0 = Release|Any CPU
		{EB90A991-D878-4AC9-8E77-55C57E1FA7CE}.Debug|Any CPU.ActiveCfg = Debug|Any CPU
		{EB90A991-D878-4AC9-8E77-55C57E1FA7CE}.Debug|Any CPU.Build.0 = Debug|Any CPU
		{EB90A991-D878-4AC9-8E77-55C57E1FA7CE}.Release|Any CPU.ActiveCfg = Release|Any CPU
		{EB90A991-D878-4AC9-8E77-55C57E1FA7CE}.Release|Any CPU.Build.0 = Release|Any CPU
		{DFF095DB-EB4A-44A8-8E78-B764DC5A525E}.Debug|Any CPU.ActiveCfg = Debug|Any CPU
		{DFF095DB-EB4A-44A8-8E78-B764DC5A525E}.Debug|Any CPU.Build.0 = Debug|Any CPU
		{DFF095DB-EB4A-44A8-8E78-B764DC5A525E}.Release|Any CPU.ActiveCfg = Release|Any CPU
		{DFF095DB-EB4A-44A8-8E78-B764DC5A525E}.Release|Any CPU.Build.0 = Release|Any CPU
	EndGlobalSection
	GlobalSection(SolutionProperties) = preSolution
		HideSolutionNode = FALSE
	EndGlobalSection
	GlobalSection(ExtensibilityGlobals) = postSolution
		SolutionGuid = {212A25A5-96E0-4463-BEF0-6690CED49AE8}
	EndGlobalSection
EndGlobal
